// !$*UTF8*$!
{
	archiveVersion = 1;
	classes = {
	};
	objectVersion = 46;
	objects = {

/* Begin PBXBuildFile section */
		4BBCDF461AC34511008D0D9F /* AppDelegate.swift in Sources */ = {isa = PBXBuildFile; fileRef = 4BBCDF451AC34511008D0D9F /* AppDelegate.swift */; };
		4BBCDF481AC34511008D0D9F /* ViewController.swift in Sources */ = {isa = PBXBuildFile; fileRef = 4BBCDF471AC34511008D0D9F /* ViewController.swift */; };
		4BBCDF4B1AC34511008D0D9F /* Main.storyboard in Resources */ = {isa = PBXBuildFile; fileRef = 4BBCDF491AC34511008D0D9F /* Main.storyboard */; };
		4BBCDF4D1AC34511008D0D9F /* Images.xcassets in Resources */ = {isa = PBXBuildFile; fileRef = 4BBCDF4C1AC34511008D0D9F /* Images.xcassets */; };
		4BBCDF501AC34511008D0D9F /* LaunchScreen.xib in Resources */ = {isa = PBXBuildFile; fileRef = 4BBCDF4E1AC34511008D0D9F /* LaunchScreen.xib */; };
		4BBCDF5C1AC34511008D0D9F /* GraveyardSwiftTests.swift in Sources */ = {isa = PBXBuildFile; fileRef = 4BBCDF5B1AC34511008D0D9F /* GraveyardSwiftTests.swift */; };
		6A6C11791AC77BC000355144 /* Extensions.swift in Sources */ = {isa = PBXBuildFile; fileRef = 6A6C11781AC77BC000355144 /* Extensions.swift */; };
		6A6C117B1AC77C2400355144 /* TransitionDelegate.swift in Sources */ = {isa = PBXBuildFile; fileRef = 6A6C117A1AC77C2400355144 /* TransitionDelegate.swift */; };
		6A6C117D1AC77F2500355144 /* CodeSampleCell.swift in Sources */ = {isa = PBXBuildFile; fileRef = 6A6C117C1AC77F2500355144 /* CodeSampleCell.swift */; };
		6A6C117F1AC7820F00355144 /* CodeSampleViewController.swift in Sources */ = {isa = PBXBuildFile; fileRef = 6A6C117E1AC7820F00355144 /* CodeSampleViewController.swift */; };
/* End PBXBuildFile section */

/* Begin PBXContainerItemProxy section */
		4BBCDF561AC34511008D0D9F /* PBXContainerItemProxy */ = {
			isa = PBXContainerItemProxy;
			containerPortal = 4BBCDF381AC34511008D0D9F /* Project object */;
			proxyType = 1;
			remoteGlobalIDString = 4BBCDF3F1AC34511008D0D9F;
			remoteInfo = GraveyardSwift;
		};
/* End PBXContainerItemProxy section */

/* Begin PBXFileReference section */
		4BBCDF401AC34511008D0D9F /* GraveyardSwift.app */ = {isa = PBXFileReference; explicitFileType = wrapper.application; includeInIndex = 0; path = GraveyardSwift.app; sourceTree = BUILT_PRODUCTS_DIR; };
		4BBCDF441AC34511008D0D9F /* Info.plist */ = {isa = PBXFileReference; lastKnownFileType = text.plist.xml; path = Info.plist; sourceTree = "<group>"; };
		4BBCDF451AC34511008D0D9F /* AppDelegate.swift */ = {isa = PBXFileReference; lastKnownFileType = sourcecode.swift; path = AppDelegate.swift; sourceTree = "<group>"; };
		4BBCDF471AC34511008D0D9F /* ViewController.swift */ = {isa = PBXFileReference; lastKnownFileType = sourcecode.swift; path = ViewController.swift; sourceTree = "<group>"; };
		4BBCDF4A1AC34511008D0D9F /* Base */ = {isa = PBXFileReference; lastKnownFileType = file.storyboard; name = Base; path = Base.lproj/Main.storyboard; sourceTree = "<group>"; };
		4BBCDF4C1AC34511008D0D9F /* Images.xcassets */ = {isa = PBXFileReference; lastKnownFileType = folder.assetcatalog; path = Images.xcassets; sourceTree = "<group>"; };
		4BBCDF4F1AC34511008D0D9F /* Base */ = {isa = PBXFileReference; lastKnownFileType = file.xib; name = Base; path = Base.lproj/LaunchScreen.xib; sourceTree = "<group>"; };
		4BBCDF551AC34511008D0D9F /* GraveyardSwiftTests.xctest */ = {isa = PBXFileReference; explicitFileType = wrapper.cfbundle; includeInIndex = 0; path = GraveyardSwiftTests.xctest; sourceTree = BUILT_PRODUCTS_DIR; };
		4BBCDF5A1AC34511008D0D9F /* Info.plist */ = {isa = PBXFileReference; lastKnownFileType = text.plist.xml; path = Info.plist; sourceTree = "<group>"; };
		4BBCDF5B1AC34511008D0D9F /* GraveyardSwiftTests.swift */ = {isa = PBXFileReference; lastKnownFileType = sourcecode.swift; path = GraveyardSwiftTests.swift; sourceTree = "<group>"; };
		6A6C11781AC77BC000355144 /* Extensions.swift */ = {isa = PBXFileReference; fileEncoding = 4; lastKnownFileType = sourcecode.swift; path = Extensions.swift; sourceTree = "<group>"; };
		6A6C117A1AC77C2400355144 /* TransitionDelegate.swift */ = {isa = PBXFileReference; fileEncoding = 4; lastKnownFileType = sourcecode.swift; path = TransitionDelegate.swift; sourceTree = "<group>"; };
		6A6C117C1AC77F2500355144 /* CodeSampleCell.swift */ = {isa = PBXFileReference; fileEncoding = 4; lastKnownFileType = sourcecode.swift; path = CodeSampleCell.swift; sourceTree = "<group>"; };
		6A6C117E1AC7820F00355144 /* CodeSampleViewController.swift */ = {isa = PBXFileReference; fileEncoding = 4; lastKnownFileType = sourcecode.swift; path = CodeSampleViewController.swift; sourceTree = "<group>"; };
/* End PBXFileReference section */

/* Begin PBXFrameworksBuildPhase section */
		4BBCDF3D1AC34511008D0D9F /* Frameworks */ = {
			isa = PBXFrameworksBuildPhase;
			buildActionMask = 2147483647;
			files = (
			);
			runOnlyForDeploymentPostprocessing = 0;
		};
		4BBCDF521AC34511008D0D9F /* Frameworks */ = {
			isa = PBXFrameworksBuildPhase;
			buildActionMask = 2147483647;
			files = (
			);
			runOnlyForDeploymentPostprocessing = 0;
		};
/* End PBXFrameworksBuildPhase section */

/* Begin PBXGroup section */
		4BBCDF371AC34511008D0D9F = {
			isa = PBXGroup;
			children = (
				4BBCDF421AC34511008D0D9F /* GraveyardSwift */,
				4BBCDF581AC34511008D0D9F /* GraveyardSwiftTests */,
				4BBCDF411AC34511008D0D9F /* Products */,
			);
			sourceTree = "<group>";
		};
		4BBCDF411AC34511008D0D9F /* Products */ = {
			isa = PBXGroup;
			children = (
				4BBCDF401AC34511008D0D9F /* GraveyardSwift.app */,
				4BBCDF551AC34511008D0D9F /* GraveyardSwiftTests.xctest */,
			);
			name = Products;
			sourceTree = "<group>";
		};
		4BBCDF421AC34511008D0D9F /* GraveyardSwift */ = {
			isa = PBXGroup;
			children = (
				6A6C11831AC78E8A00355144 /* CodeSamples */,
				6A6C11821AC7836600355144 /* CollectionView */,
				6A6C11811AC7834C00355144 /* Useful Tools */,
				6A6C11801AC7833800355144 /* Core App Files */,
				4BBCDF431AC34511008D0D9F /* Supporting Files */,
			);
			path = GraveyardSwift;
			sourceTree = "<group>";
		};
		4BBCDF431AC34511008D0D9F /* Supporting Files */ = {
			isa = PBXGroup;
			children = (
				4BBCDF441AC34511008D0D9F /* Info.plist */,
			);
			name = "Supporting Files";
			sourceTree = "<group>";
		};
		4BBCDF581AC34511008D0D9F /* GraveyardSwiftTests */ = {
			isa = PBXGroup;
			children = (
				4BBCDF5B1AC34511008D0D9F /* GraveyardSwiftTests.swift */,
				4BBCDF591AC34511008D0D9F /* Supporting Files */,
			);
			path = GraveyardSwiftTests;
			sourceTree = "<group>";
		};
		4BBCDF591AC34511008D0D9F /* Supporting Files */ = {
			isa = PBXGroup;
			children = (
				4BBCDF5A1AC34511008D0D9F /* Info.plist */,
			);
			name = "Supporting Files";
			sourceTree = "<group>";
		};
		6A6C11801AC7833800355144 /* Core App Files */ = {
			isa = PBXGroup;
			children = (
				4BBCDF451AC34511008D0D9F /* AppDelegate.swift */,
				4BBCDF471AC34511008D0D9F /* ViewController.swift */,
				4BBCDF491AC34511008D0D9F /* Main.storyboard */,
				4BBCDF4C1AC34511008D0D9F /* Images.xcassets */,
				4BBCDF4E1AC34511008D0D9F /* LaunchScreen.xib */,
			);
			name = "Core App Files";
			sourceTree = "<group>";
		};
		6A6C11811AC7834C00355144 /* Useful Tools */ = {
			isa = PBXGroup;
			children = (
				6A6C11781AC77BC000355144 /* Extensions.swift */,
				6A6C117A1AC77C2400355144 /* TransitionDelegate.swift */,
			);
			name = "Useful Tools";
			sourceTree = "<group>";
		};
		6A6C11821AC7836600355144 /* CollectionView */ = {
			isa = PBXGroup;
			children = (
				6A6C117C1AC77F2500355144 /* CodeSampleCell.swift */,
				6A6C117E1AC7820F00355144 /* CodeSampleViewController.swift */,
			);
			name = CollectionView;
			sourceTree = "<group>";
		};
		6A6C11831AC78E8A00355144 /* CodeSamples */ = {
			isa = PBXGroup;
			children = (
			);
			name = CodeSamples;
			sourceTree = "<group>";
		};
/* End PBXGroup section */

/* Begin PBXNativeTarget section */
		4BBCDF3F1AC34511008D0D9F /* GraveyardSwift */ = {
			isa = PBXNativeTarget;
			buildConfigurationList = 4BBCDF5F1AC34511008D0D9F /* Build configuration list for PBXNativeTarget "GraveyardSwift" */;
			buildPhases = (
				4BBCDF3C1AC34511008D0D9F /* Sources */,
				4BBCDF3D1AC34511008D0D9F /* Frameworks */,
				4BBCDF3E1AC34511008D0D9F /* Resources */,
			);
			buildRules = (
			);
			dependencies = (
			);
			name = GraveyardSwift;
			productName = GraveyardSwift;
			productReference = 4BBCDF401AC34511008D0D9F /* GraveyardSwift.app */;
			productType = "com.apple.product-type.application";
		};
		4BBCDF541AC34511008D0D9F /* GraveyardSwiftTests */ = {
			isa = PBXNativeTarget;
			buildConfigurationList = 4BBCDF621AC34511008D0D9F /* Build configuration list for PBXNativeTarget "GraveyardSwiftTests" */;
			buildPhases = (
				4BBCDF511AC34511008D0D9F /* Sources */,
				4BBCDF521AC34511008D0D9F /* Frameworks */,
				4BBCDF531AC34511008D0D9F /* Resources */,
			);
			buildRules = (
			);
			dependencies = (
				4BBCDF571AC34511008D0D9F /* PBXTargetDependency */,
			);
			name = GraveyardSwiftTests;
			productName = GraveyardSwiftTests;
			productReference = 4BBCDF551AC34511008D0D9F /* GraveyardSwiftTests.xctest */;
			productType = "com.apple.product-type.bundle.unit-test";
		};
/* End PBXNativeTarget section */

/* Begin PBXProject section */
		4BBCDF381AC34511008D0D9F /* Project object */ = {
			isa = PBXProject;
			attributes = {
				LastUpgradeCheck = 0620;
				ORGANIZATIONNAME = ChristmasHouse;
				TargetAttributes = {
					4BBCDF3F1AC34511008D0D9F = {
						CreatedOnToolsVersion = 6.2;
					};
					4BBCDF541AC34511008D0D9F = {
						CreatedOnToolsVersion = 6.2;
						TestTargetID = 4BBCDF3F1AC34511008D0D9F;
					};
				};
			};
			buildConfigurationList = 4BBCDF3B1AC34511008D0D9F /* Build configuration list for PBXProject "GraveyardSwift" */;
			compatibilityVersion = "Xcode 3.2";
			developmentRegion = English;
			hasScannedForEncodings = 0;
			knownRegions = (
				en,
				Base,
			);
			mainGroup = 4BBCDF371AC34511008D0D9F;
			productRefGroup = 4BBCDF411AC34511008D0D9F /* Products */;
			projectDirPath = "";
			projectRoot = "";
			targets = (
				4BBCDF3F1AC34511008D0D9F /* GraveyardSwift */,
				4BBCDF541AC34511008D0D9F /* GraveyardSwiftTests */,
			);
		};
/* End PBXProject section */

/* Begin PBXResourcesBuildPhase section */
		4BBCDF3E1AC34511008D0D9F /* Resources */ = {
			isa = PBXResourcesBuildPhase;
			buildActionMask = 2147483647;
			files = (
				4BBCDF4B1AC34511008D0D9F /* Main.storyboard in Resources */,
				4BBCDF501AC34511008D0D9F /* LaunchScreen.xib in Resources */,
				4BBCDF4D1AC34511008D0D9F /* Images.xcassets in Resources */,
			);
			runOnlyForDeploymentPostprocessing = 0;
		};
		4BBCDF531AC34511008D0D9F /* Resources */ = {
			isa = PBXResourcesBuildPhase;
			buildActionMask = 2147483647;
			files = (
			);
			runOnlyForDeploymentPostprocessing = 0;
		};
/* End PBXResourcesBuildPhase section */

/* Begin PBXSourcesBuildPhase section */
		4BBCDF3C1AC34511008D0D9F /* Sources */ = {
			isa = PBXSourcesBuildPhase;
			buildActionMask = 2147483647;
			files = (
				4BBCDF481AC34511008D0D9F /* ViewController.swift in Sources */,
				6A6C117B1AC77C2400355144 /* TransitionDelegate.swift in Sources */,
				6A6C117D1AC77F2500355144 /* CodeSampleCell.swift in Sources */,
				4BBCDF461AC34511008D0D9F /* AppDelegate.swift in Sources */,
				6A6C11791AC77BC000355144 /* Extensions.swift in Sources */,
				6A6C117F1AC7820F00355144 /* CodeSampleViewController.swift in Sources */,
			);
			runOnlyForDeploymentPostprocessing = 0;
		};
		4BBCDF511AC34511008D0D9F /* Sources */ = {
			isa = PBXSourcesBuildPhase;
			buildActionMask = 2147483647;
			files = (
				4BBCDF5C1AC34511008D0D9F /* GraveyardSwiftTests.swift in Sources */,
			);
			runOnlyForDeploymentPostprocessing = 0;
		};
/* End PBXSourcesBuildPhase section */

/* Begin PBXTargetDependency section */
		4BBCDF571AC34511008D0D9F /* PBXTargetDependency */ = {
			isa = PBXTargetDependency;
			target = 4BBCDF3F1AC34511008D0D9F /* GraveyardSwift */;
			targetProxy = 4BBCDF561AC34511008D0D9F /* PBXContainerItemProxy */;
		};
/* End PBXTargetDependency section */

/* Begin PBXVariantGroup section */
		4BBCDF491AC34511008D0D9F /* Main.storyboard */ = {
			isa = PBXVariantGroup;
			children = (
				4BBCDF4A1AC34511008D0D9F /* Base */,
			);
			name = Main.storyboard;
			sourceTree = "<group>";
		};
		4BBCDF4E1AC34511008D0D9F /* LaunchScreen.xib */ = {
			isa = PBXVariantGroup;
			children = (
				4BBCDF4F1AC34511008D0D9F /* Base */,
			);
			name = LaunchScreen.xib;
			sourceTree = "<group>";
		};
/* End PBXVariantGroup section */

/* Begin XCBuildConfiguration section */
		4BBCDF5D1AC34511008D0D9F /* Debug */ = {
			isa = XCBuildConfiguration;
			buildSettings = {
				ALWAYS_SEARCH_USER_PATHS = NO;
				CLANG_CXX_LANGUAGE_STANDARD = "gnu++0x";
				CLANG_CXX_LIBRARY = "libc++";
				CLANG_ENABLE_MODULES = YES;
				CLANG_ENABLE_OBJC_ARC = YES;
				CLANG_WARN_BOOL_CONVERSION = YES;
				CLANG_WARN_CONSTANT_CONVERSION = YES;
				CLANG_WARN_DIRECT_OBJC_ISA_USAGE = YES_ERROR;
				CLANG_WARN_EMPTY_BODY = YES;
				CLANG_WARN_ENUM_CONVERSION = YES;
				CLANG_WARN_INT_CONVERSION = YES;
				CLANG_WARN_OBJC_ROOT_CLASS = YES_ERROR;
				CLANG_WARN_UNREACHABLE_CODE = YES;
				CLANG_WARN__DUPLICATE_METHOD_MATCH = YES;
				"CODE_SIGN_IDENTITY[sdk=iphoneos*]" = "iPhone Developer";
				COPY_PHASE_STRIP = NO;
				ENABLE_STRICT_OBJC_MSGSEND = YES;
				GCC_C_LANGUAGE_STANDARD = gnu99;
				GCC_DYNAMIC_NO_PIC = NO;
				GCC_OPTIMIZATION_LEVEL = 0;
				GCC_PREPROCESSOR_DEFINITIONS = (
					"DEBUG=1",
					"$(inherited)",
				);
				GCC_SYMBOLS_PRIVATE_EXTERN = NO;
				GCC_WARN_64_TO_32_BIT_CONVERSION = YES;
				GCC_WARN_ABOUT_RETURN_TYPE = YES_ERROR;
				GCC_WARN_UNDECLARED_SELECTOR = YES;
				GCC_WARN_UNINITIALIZED_AUTOS = YES_AGGRESSIVE;
				GCC_WARN_UNUSED_FUNCTION = YES;
				GCC_WARN_UNUSED_VARIABLE = YES;
				IPHONEOS_DEPLOYMENT_TARGET = 8.2;
				MTL_ENABLE_DEBUG_INFO = YES;
				ONLY_ACTIVE_ARCH = YES;
				SDKROOT = iphoneos;
				SWIFT_OPTIMIZATION_LEVEL = "-Onone";
				TARGETED_DEVICE_FAMILY = "1,2";
			};
			name = Debug;
		};
		4BBCDF5E1AC34511008D0D9F /* Release */ = {
			isa = XCBuildConfiguration;
			buildSettings = {
				ALWAYS_SEARCH_USER_PATHS = NO;
				CLANG_CXX_LANGUAGE_STANDARD = "gnu++0x";
				CLANG_CXX_LIBRARY = "libc++";
				CLANG_ENABLE_MODULES = YES;
				CLANG_ENABLE_OBJC_ARC = YES;
				CLANG_WARN_BOOL_CONVERSION = YES;
				CLANG_WARN_CONSTANT_CONVERSION = YES;
				CLANG_WARN_DIRECT_OBJC_ISA_USAGE = YES_ERROR;
				CLANG_WARN_EMPTY_BODY = YES;
				CLANG_WARN_ENUM_CONVERSION = YES;
				CLANG_WARN_INT_CONVERSION = YES;
				CLANG_WARN_OBJC_ROOT_CLASS = YES_ERROR;
				CLANG_WARN_UNREACHABLE_CODE = YES;
				CLANG_WARN__DUPLICATE_METHOD_MATCH = YES;
				"CODE_SIGN_IDENTITY[sdk=iphoneos*]" = "iPhone Developer";
				COPY_PHASE_STRIP = NO;
				ENABLE_NS_ASSERTIONS = NO;
				ENABLE_STRICT_OBJC_MSGSEND = YES;
				GCC_C_LANGUAGE_STANDARD = gnu99;
				GCC_WARN_64_TO_32_BIT_CONVERSION = YES;
				GCC_WARN_ABOUT_RETURN_TYPE = YES_ERROR;
				GCC_WARN_UNDECLARED_SELECTOR = YES;
				GCC_WARN_UNINITIALIZED_AUTOS = YES_AGGRESSIVE;
				GCC_WARN_UNUSED_FUNCTION = YES;
				GCC_WARN_UNUSED_VARIABLE = YES;
				IPHONEOS_DEPLOYMENT_TARGET = 8.2;
				MTL_ENABLE_DEBUG_INFO = NO;
				SDKROOT = iphoneos;
				TARGETED_DEVICE_FAMILY = "1,2";
				VALIDATE_PRODUCT = YES;
			};
			name = Release;
		};
		4BBCDF601AC34511008D0D9F /* Debug */ = {
			isa = XCBuildConfiguration;
			buildSettings = {
				ASSETCATALOG_COMPILER_APPICON_NAME = AppIcon;
				INFOPLIST_FILE = GraveyardSwift/Info.plist;
				LD_RUNPATH_SEARCH_PATHS = "$(inherited) @executable_path/Frameworks";
				PRODUCT_NAME = "$(TARGET_NAME)";
			};
			name = Debug;
		};
		4BBCDF611AC34511008D0D9F /* Release */ = {
			isa = XCBuildConfiguration;
			buildSettings = {
				ASSETCATALOG_COMPILER_APPICON_NAME = AppIcon;
				INFOPLIST_FILE = GraveyardSwift/Info.plist;
				LD_RUNPATH_SEARCH_PATHS = "$(inherited) @executable_path/Frameworks";
				PRODUCT_NAME = "$(TARGET_NAME)";
			};
			name = Release;
		};
		4BBCDF631AC34511008D0D9F /* Debug */ = {
			isa = XCBuildConfiguration;
			buildSettings = {
				BUNDLE_LOADER = "$(TEST_HOST)";
				FRAMEWORK_SEARCH_PATHS = (
					"$(SDKROOT)/Developer/Library/Frameworks",
					"$(inherited)",
				);
				GCC_PREPROCESSOR_DEFINITIONS = (
					"DEBUG=1",
					"$(inherited)",
				);
				INFOPLIST_FILE = GraveyardSwiftTests/Info.plist;
				LD_RUNPATH_SEARCH_PATHS = "$(inherited) @executable_path/Frameworks @loader_path/Frameworks";
				PRODUCT_NAME = "$(TARGET_NAME)";
				TEST_HOST = "$(BUILT_PRODUCTS_DIR)/GraveyardSwift.app/GraveyardSwift";
			};
			name = Debug;
		};
		4BBCDF641AC34511008D0D9F /* Release */ = {
			isa = XCBuildConfiguration;
			buildSettings = {
				BUNDLE_LOADER = "$(TEST_HOST)";
				FRAMEWORK_SEARCH_PATHS = (
					"$(SDKROOT)/Developer/Library/Frameworks",
					"$(inherited)",
				);
				INFOPLIST_FILE = GraveyardSwiftTests/Info.plist;
				LD_RUNPATH_SEARCH_PATHS = "$(inherited) @executable_path/Frameworks @loader_path/Frameworks";
				PRODUCT_NAME = "$(TARGET_NAME)";
				TEST_HOST = "$(BUILT_PRODUCTS_DIR)/GraveyardSwift.app/GraveyardSwift";
			};
			name = Release;
		};
/* End XCBuildConfiguration section */

/* Begin XCConfigurationList section */
		4BBCDF3B1AC34511008D0D9F /* Build configuration list for PBXProject "GraveyardSwift" */ = {
			isa = XCConfigurationList;
			buildConfigurations = (
				4BBCDF5D1AC34511008D0D9F /* Debug */,
				4BBCDF5E1AC34511008D0D9F /* Release */,
			);
			defaultConfigurationIsVisible = 0;
			defaultConfigurationName = Release;
		};
		4BBCDF5F1AC34511008D0D9F /* Build configuration list for PBXNativeTarget "GraveyardSwift" */ = {
			isa = XCConfigurationList;
			buildConfigurations = (
				4BBCDF601AC34511008D0D9F /* Debug */,
				4BBCDF611AC34511008D0D9F /* Release */,
			);
			defaultConfigurationIsVisible = 0;
			defaultConfigurationName = Release;
		};
		4BBCDF621AC34511008D0D9F /* Build configuration list for PBXNativeTarget "GraveyardSwiftTests" */ = {
			isa = XCConfigurationList;
			buildConfigurations = (
				4BBCDF631AC34511008D0D9F /* Debug */,
				4BBCDF641AC34511008D0D9F /* Release */,
			);
			defaultConfigurationIsVisible = 0;
			defaultConfigurationName = Release;
		};
/* End XCConfigurationList section */
	};
	rootObject = 4BBCDF381AC34511008D0D9F /* Project object */;
}
